// !$*UTF8*$!
{
	archiveVersion = 1;
	classes = {
	};
	objectVersion = 56;
	objects = {

/* Begin PBXBuildFile section */
		0502F3B92C5941D7006FB721 /* MyWorkoutEditLapView.swift in Sources */ = {isa = PBXBuildFile; fileRef = 0502F3B82C5941D7006FB721 /* MyWorkoutEditLapView.swift */; };
		0502F3BB2C595392006FB721 /* SaveButton.swift in Sources */ = {isa = PBXBuildFile; fileRef = 0502F3BA2C595392006FB721 /* SaveButton.swift */; };
		050AFB5B2C64BF9F0001AA81 /* CategoryButton.swift in Sources */ = {isa = PBXBuildFile; fileRef = 050AFB5A2C64BF9F0001AA81 /* CategoryButton.swift */; };
		050AFB5D2C6562250001AA81 /* ExerciseCategory.swift in Sources */ = {isa = PBXBuildFile; fileRef = 050AFB5C2C6562250001AA81 /* ExerciseCategory.swift */; };
		05138FEB2C621346009E7954 /* FetchedListViewable.swift in Sources */ = {isa = PBXBuildFile; fileRef = 05138FEA2C621346009E7954 /* FetchedListViewable.swift */; };
		05138FED2C621384009E7954 /* ExerciseListCellDeletable.swift in Sources */ = {isa = PBXBuildFile; fileRef = 05138FEC2C621384009E7954 /* ExerciseListCellDeletable.swift */; };
		0516177B2C6E1E5D00E28777 /* ActiveWorkoutSingleView.swift in Sources */ = {isa = PBXBuildFile; fileRef = 0516177A2C6E1E5D00E28777 /* ActiveWorkoutSingleView.swift */; };
		0516177D2C6E1ED700E28777 /* ActiveWorkoutLapView.swift in Sources */ = {isa = PBXBuildFile; fileRef = 0516177C2C6E1ED700E28777 /* ActiveWorkoutLapView.swift */; };
		0516177F2C6E1F1700E28777 /* ActiveWorkoutFinishView.swift in Sources */ = {isa = PBXBuildFile; fileRef = 0516177E2C6E1F1700E28777 /* ActiveWorkoutFinishView.swift */; };
		0518169E2C66D6AC00EB9DEC /* MainOpacity.swift in Sources */ = {isa = PBXBuildFile; fileRef = 0518169D2C66D6AC00EB9DEC /* MainOpacity.swift */; };
		0518560A2C1ED48300138B3E /* API.swift in Sources */ = {isa = PBXBuildFile; fileRef = 051856092C1ED48300138B3E /* API.swift */; };
		051EC9E62C53EA480032C916 /* LapExerciseRowStyle.swift in Sources */ = {isa = PBXBuildFile; fileRef = 051EC9E52C53EA480032C916 /* LapExerciseRowStyle.swift */; };
		0524622C2C5E9CC000C4090A /* ButtonLap.swift in Sources */ = {isa = PBXBuildFile; fileRef = 0524622B2C5E9CC000C4090A /* ButtonLap.swift */; };
		0525D3A12C08F9F30007F632 /* CreateWorkoutView.swift in Sources */ = {isa = PBXBuildFile; fileRef = 0525D3A02C08F9F30007F632 /* CreateWorkoutView.swift */; };
		0525D3A52C0900CB0007F632 /* NetworkManager.swift in Sources */ = {isa = PBXBuildFile; fileRef = 0525D3A42C0900CB0007F632 /* NetworkManager.swift */; };
		0525D3AC2C0908E10007F632 /* Workout.swift in Sources */ = {isa = PBXBuildFile; fileRef = 0525D3AB2C0908E10007F632 /* Workout.swift */; };
		0525D3AE2C0909FC0007F632 /* CreateWorkoutViewViewModel.swift in Sources */ = {isa = PBXBuildFile; fileRef = 0525D3AD2C0909FC0007F632 /* CreateWorkoutViewViewModel.swift */; };
		0525D3B42C09D9400007F632 /* StorageManager.swift in Sources */ = {isa = PBXBuildFile; fileRef = 0525D3B32C09D9400007F632 /* StorageManager.swift */; };
		0525D3B72C09DF800007F632 /* MyWorkoutsView.swift in Sources */ = {isa = PBXBuildFile; fileRef = 0525D3B62C09DF800007F632 /* MyWorkoutsView.swift */; };
		0528E9972C2F051D00BE9B02 /* CircleButton.swift in Sources */ = {isa = PBXBuildFile; fileRef = 0528E9962C2F051D00BE9B02 /* CircleButton.swift */; };
		052BA41F2C5AB28C00892ED7 /* LapQuantityTF.swift in Sources */ = {isa = PBXBuildFile; fileRef = 052BA41E2C5AB28C00892ED7 /* LapQuantityTF.swift */; };
		052BA4222C5AB3C900892ED7 /* OvalTextFieldStyle.swift in Sources */ = {isa = PBXBuildFile; fileRef = 052BA4212C5AB3C900892ED7 /* OvalTextFieldStyle.swift */; };
		053763AC2C5D5EA500312A77 /* FetchedListView.swift in Sources */ = {isa = PBXBuildFile; fileRef = 053763AB2C5D5EA500312A77 /* FetchedListView.swift */; };
		053763AE2C5D5EC100312A77 /* ExerciseListAddView.swift in Sources */ = {isa = PBXBuildFile; fileRef = 053763AD2C5D5EC100312A77 /* ExerciseListAddView.swift */; };
		053763B42C5D657900312A77 /* FetchedListDetailsView.swift in Sources */ = {isa = PBXBuildFile; fileRef = 053763B32C5D657900312A77 /* FetchedListDetailsView.swift */; };
		053763B72C5D735C00312A77 /* EditMyWorkoutLapView.swift in Sources */ = {isa = PBXBuildFile; fileRef = 053763B62C5D735C00312A77 /* EditMyWorkoutLapView.swift */; };
		053763B92C5D737D00312A77 /* EditMyWorkoutSingleView.swift in Sources */ = {isa = PBXBuildFile; fileRef = 053763B82C5D737D00312A77 /* EditMyWorkoutSingleView.swift */; };
		053763BB2C5D73CA00312A77 /* EditMyWorkoutLapViewModel.swift in Sources */ = {isa = PBXBuildFile; fileRef = 053763BA2C5D73CA00312A77 /* EditMyWorkoutLapViewModel.swift */; };
		0538125D2C18F2440040CD5D /* CreateWorkoutSaveView.swift in Sources */ = {isa = PBXBuildFile; fileRef = 0538125C2C18F2440040CD5D /* CreateWorkoutSaveView.swift */; };
		0538EAC72C5FE4CC00D100FC /* ExerciseListAddViewModel.swift in Sources */ = {isa = PBXBuildFile; fileRef = 0538EAC62C5FE4CC00D100FC /* ExerciseListAddViewModel.swift */; };
		054BF84D2C5FB3DD005FBEA5 /* FetchedListViewModel.swift in Sources */ = {isa = PBXBuildFile; fileRef = 054BF84C2C5FB3DD005FBEA5 /* FetchedListViewModel.swift */; };
		054BF84F2C5FB94D005FBEA5 /* FetchedListDetailsViewModel.swift in Sources */ = {isa = PBXBuildFile; fileRef = 054BF84E2C5FB94D005FBEA5 /* FetchedListDetailsViewModel.swift */; };
		05530F432C2618A30044A855 /* MyWorkoutEditExerciseView.swift in Sources */ = {isa = PBXBuildFile; fileRef = 05530F422C2618A30044A855 /* MyWorkoutEditExerciseView.swift */; };
		0567571D2C2B79E9009062C5 /* ExerciseParametersTF.swift in Sources */ = {isa = PBXBuildFile; fileRef = 0567571C2C2B79E9009062C5 /* ExerciseParametersTF.swift */; };
		0575B3FA2C36D271006253DD /* MyExerciseCellView.swift in Sources */ = {isa = PBXBuildFile; fileRef = 0575B3F92C36D271006253DD /* MyExerciseCellView.swift */; };
		0579FD7C2C5048F100D617DF /* Divider.swift in Sources */ = {isa = PBXBuildFile; fileRef = 0579FD7B2C5048F100D617DF /* Divider.swift */; };
		0581615F2C3492D30012E105 /* Lap.swift in Sources */ = {isa = PBXBuildFile; fileRef = 0581615E2C3492D30012E105 /* Lap.swift */; };
		058882F02C1E31A300451030 /* LabelGradientBackground.swift in Sources */ = {isa = PBXBuildFile; fileRef = 058882EF2C1E31A300451030 /* LabelGradientBackground.swift */; };
		058882F22C1E35CE00451030 /* ParameterTFView.swift in Sources */ = {isa = PBXBuildFile; fileRef = 058882F12C1E35CE00451030 /* ParameterTFView.swift */; };
		05AA11442C2DF20D00145826 /* MyWorkoutViewModel.swift in Sources */ = {isa = PBXBuildFile; fileRef = 05AA11432C2DF20D00145826 /* MyWorkoutViewModel.swift */; };
		05AA11462C2DF5C700145826 /* MyWorkoutEditExerciseViewModel.swift in Sources */ = {isa = PBXBuildFile; fileRef = 05AA11452C2DF5C700145826 /* MyWorkoutEditExerciseViewModel.swift */; };
		05AA11492C2DF93200145826 /* ActiveWorkoutView.swift in Sources */ = {isa = PBXBuildFile; fileRef = 05AA11482C2DF93200145826 /* ActiveWorkoutView.swift */; };
		05BC717D2C0646F400524C58 /* LegoFitApp.swift in Sources */ = {isa = PBXBuildFile; fileRef = 05BC717C2C0646F400524C58 /* LegoFitApp.swift */; };
		05BC717F2C0646F400524C58 /* ContentView.swift in Sources */ = {isa = PBXBuildFile; fileRef = 05BC717E2C0646F400524C58 /* ContentView.swift */; };
		05BC71812C0646F500524C58 /* Assets.xcassets in Resources */ = {isa = PBXBuildFile; fileRef = 05BC71802C0646F500524C58 /* Assets.xcassets */; };
		05BC71842C0646F500524C58 /* Preview Assets.xcassets in Resources */ = {isa = PBXBuildFile; fileRef = 05BC71832C0646F500524C58 /* Preview Assets.xcassets */; };
		05BC99B02C4AED9700ED5B0D /* MainListStyle.swift in Sources */ = {isa = PBXBuildFile; fileRef = 05BC99AF2C4AED9700ED5B0D /* MainListStyle.swift */; };
		05BC99B42C4AEE5C00ED5B0D /* extension + View.swift in Sources */ = {isa = PBXBuildFile; fileRef = 05BC99B32C4AEE5C00ED5B0D /* extension + View.swift */; };
		05BC99B62C4AEE8A00ED5B0D /* MainRowStyle.swift in Sources */ = {isa = PBXBuildFile; fileRef = 05BC99B52C4AEE8A00ED5B0D /* MainRowStyle.swift */; };
		05BC99BA2C4AF09200ED5B0D /* MainGradientBackground.swift in Sources */ = {isa = PBXBuildFile; fileRef = 05BC99B92C4AF09200ED5B0D /* MainGradientBackground.swift */; };
		05BC99C02C4AF44100ED5B0D /* HistoryWorkoutView.swift in Sources */ = {isa = PBXBuildFile; fileRef = 05BC99BF2C4AF44100ED5B0D /* HistoryWorkoutView.swift */; };
		05C72FAE2C301BF9003ECC82 /* Exercise.swift in Sources */ = {isa = PBXBuildFile; fileRef = 05C72FAD2C301BF9003ECC82 /* Exercise.swift */; };
		05D3F8A92C2E084500494005 /* ActiveWorkoutViewModel.swift in Sources */ = {isa = PBXBuildFile; fileRef = 05D3F8A82C2E084500494005 /* ActiveWorkoutViewModel.swift */; };
		05D745892C662E3C009B400D /* LaunchScreen.storyboard in Resources */ = {isa = PBXBuildFile; fileRef = 05D745882C662E3C009B400D /* LaunchScreen.storyboard */; };
		05D857312C0D014900DD77AC /* MyWorkoutView.swift in Sources */ = {isa = PBXBuildFile; fileRef = 05D857302C0D014900DD77AC /* MyWorkoutView.swift */; };
		05D857332C0D089900DD77AC /* PreviewProviderSwiftData.swift in Sources */ = {isa = PBXBuildFile; fileRef = 05D857322C0D089900DD77AC /* PreviewProviderSwiftData.swift */; };
		05E9B5532C6B7DBF00147A1A /* Kingfisher in Frameworks */ = {isa = PBXBuildFile; productRef = 05E9B5522C6B7DBF00147A1A /* Kingfisher */; };
		05F87D2A2C0B7C8400AFB4CA /* ExerciseImageView.swift in Sources */ = {isa = PBXBuildFile; fileRef = 05F87D292C0B7C8400AFB4CA /* ExerciseImageView.swift */; };
/* End PBXBuildFile section */

/* Begin PBXCopyFilesBuildPhase section */
		05A996662C1757B200D65AD1 /* Embed Frameworks */ = {
			isa = PBXCopyFilesBuildPhase;
			buildActionMask = 2147483647;
			dstPath = "";
			dstSubfolderSpec = 10;
			files = (
			);
			name = "Embed Frameworks";
			runOnlyForDeploymentPostprocessing = 0;
		};
/* End PBXCopyFilesBuildPhase section */

/* Begin PBXFileReference section */
		0502F3B82C5941D7006FB721 /* MyWorkoutEditLapView.swift */ = {isa = PBXFileReference; lastKnownFileType = sourcecode.swift; path = MyWorkoutEditLapView.swift; sourceTree = "<group>"; };
		0502F3BA2C595392006FB721 /* SaveButton.swift */ = {isa = PBXFileReference; lastKnownFileType = sourcecode.swift; path = SaveButton.swift; sourceTree = "<group>"; };
		050AFB5A2C64BF9F0001AA81 /* CategoryButton.swift */ = {isa = PBXFileReference; lastKnownFileType = sourcecode.swift; path = CategoryButton.swift; sourceTree = "<group>"; };
		050AFB5C2C6562250001AA81 /* ExerciseCategory.swift */ = {isa = PBXFileReference; lastKnownFileType = sourcecode.swift; path = ExerciseCategory.swift; sourceTree = "<group>"; };
		05138FEA2C621346009E7954 /* FetchedListViewable.swift */ = {isa = PBXFileReference; lastKnownFileType = sourcecode.swift; path = FetchedListViewable.swift; sourceTree = "<group>"; };
		05138FEC2C621384009E7954 /* ExerciseListCellDeletable.swift */ = {isa = PBXFileReference; lastKnownFileType = sourcecode.swift; path = ExerciseListCellDeletable.swift; sourceTree = "<group>"; };
		0516177A2C6E1E5D00E28777 /* ActiveWorkoutSingleView.swift */ = {isa = PBXFileReference; lastKnownFileType = sourcecode.swift; path = ActiveWorkoutSingleView.swift; sourceTree = "<group>"; };
		0516177C2C6E1ED700E28777 /* ActiveWorkoutLapView.swift */ = {isa = PBXFileReference; lastKnownFileType = sourcecode.swift; path = ActiveWorkoutLapView.swift; sourceTree = "<group>"; };
		0516177E2C6E1F1700E28777 /* ActiveWorkoutFinishView.swift */ = {isa = PBXFileReference; lastKnownFileType = sourcecode.swift; path = ActiveWorkoutFinishView.swift; sourceTree = "<group>"; };
		0518169D2C66D6AC00EB9DEC /* MainOpacity.swift */ = {isa = PBXFileReference; lastKnownFileType = sourcecode.swift; path = MainOpacity.swift; sourceTree = "<group>"; };
		051856092C1ED48300138B3E /* API.swift */ = {isa = PBXFileReference; lastKnownFileType = sourcecode.swift; path = API.swift; sourceTree = "<group>"; };
		051EC9E52C53EA480032C916 /* LapExerciseRowStyle.swift */ = {isa = PBXFileReference; lastKnownFileType = sourcecode.swift; path = LapExerciseRowStyle.swift; sourceTree = "<group>"; };
		0524622B2C5E9CC000C4090A /* ButtonLap.swift */ = {isa = PBXFileReference; lastKnownFileType = sourcecode.swift; path = ButtonLap.swift; sourceTree = "<group>"; };
		0525D3A02C08F9F30007F632 /* CreateWorkoutView.swift */ = {isa = PBXFileReference; lastKnownFileType = sourcecode.swift; path = CreateWorkoutView.swift; sourceTree = "<group>"; };
		0525D3A42C0900CB0007F632 /* NetworkManager.swift */ = {isa = PBXFileReference; lastKnownFileType = sourcecode.swift; path = NetworkManager.swift; sourceTree = "<group>"; };
		0525D3AB2C0908E10007F632 /* Workout.swift */ = {isa = PBXFileReference; lastKnownFileType = sourcecode.swift; path = Workout.swift; sourceTree = "<group>"; };
		0525D3AD2C0909FC0007F632 /* CreateWorkoutViewViewModel.swift */ = {isa = PBXFileReference; lastKnownFileType = sourcecode.swift; path = CreateWorkoutViewViewModel.swift; sourceTree = "<group>"; };
		0525D3B32C09D9400007F632 /* StorageManager.swift */ = {isa = PBXFileReference; lastKnownFileType = sourcecode.swift; path = StorageManager.swift; sourceTree = "<group>"; };
		0525D3B62C09DF800007F632 /* MyWorkoutsView.swift */ = {isa = PBXFileReference; lastKnownFileType = sourcecode.swift; path = MyWorkoutsView.swift; sourceTree = "<group>"; };
		0528E9962C2F051D00BE9B02 /* CircleButton.swift */ = {isa = PBXFileReference; lastKnownFileType = sourcecode.swift; path = CircleButton.swift; sourceTree = "<group>"; };
		052BA41E2C5AB28C00892ED7 /* LapQuantityTF.swift */ = {isa = PBXFileReference; lastKnownFileType = sourcecode.swift; path = LapQuantityTF.swift; sourceTree = "<group>"; };
		052BA4212C5AB3C900892ED7 /* OvalTextFieldStyle.swift */ = {isa = PBXFileReference; lastKnownFileType = sourcecode.swift; path = OvalTextFieldStyle.swift; sourceTree = "<group>"; };
		053763AB2C5D5EA500312A77 /* FetchedListView.swift */ = {isa = PBXFileReference; lastKnownFileType = sourcecode.swift; path = FetchedListView.swift; sourceTree = "<group>"; };
		053763AD2C5D5EC100312A77 /* ExerciseListAddView.swift */ = {isa = PBXFileReference; lastKnownFileType = sourcecode.swift; path = ExerciseListAddView.swift; sourceTree = "<group>"; };
		053763B32C5D657900312A77 /* FetchedListDetailsView.swift */ = {isa = PBXFileReference; lastKnownFileType = sourcecode.swift; path = FetchedListDetailsView.swift; sourceTree = "<group>"; };
		053763B62C5D735C00312A77 /* EditMyWorkoutLapView.swift */ = {isa = PBXFileReference; lastKnownFileType = sourcecode.swift; path = EditMyWorkoutLapView.swift; sourceTree = "<group>"; };
		053763B82C5D737D00312A77 /* EditMyWorkoutSingleView.swift */ = {isa = PBXFileReference; lastKnownFileType = sourcecode.swift; path = EditMyWorkoutSingleView.swift; sourceTree = "<group>"; };
		053763BA2C5D73CA00312A77 /* EditMyWorkoutLapViewModel.swift */ = {isa = PBXFileReference; lastKnownFileType = sourcecode.swift; path = EditMyWorkoutLapViewModel.swift; sourceTree = "<group>"; };
		0538125C2C18F2440040CD5D /* CreateWorkoutSaveView.swift */ = {isa = PBXFileReference; lastKnownFileType = sourcecode.swift; path = CreateWorkoutSaveView.swift; sourceTree = "<group>"; };
		0538EAC62C5FE4CC00D100FC /* ExerciseListAddViewModel.swift */ = {isa = PBXFileReference; lastKnownFileType = sourcecode.swift; path = ExerciseListAddViewModel.swift; sourceTree = "<group>"; };
		054BF84C2C5FB3DD005FBEA5 /* FetchedListViewModel.swift */ = {isa = PBXFileReference; lastKnownFileType = sourcecode.swift; path = FetchedListViewModel.swift; sourceTree = "<group>"; };
		054BF84E2C5FB94D005FBEA5 /* FetchedListDetailsViewModel.swift */ = {isa = PBXFileReference; lastKnownFileType = sourcecode.swift; path = FetchedListDetailsViewModel.swift; sourceTree = "<group>"; };
		05530F422C2618A30044A855 /* MyWorkoutEditExerciseView.swift */ = {isa = PBXFileReference; lastKnownFileType = sourcecode.swift; path = MyWorkoutEditExerciseView.swift; sourceTree = "<group>"; };
		0567571C2C2B79E9009062C5 /* ExerciseParametersTF.swift */ = {isa = PBXFileReference; lastKnownFileType = sourcecode.swift; path = ExerciseParametersTF.swift; sourceTree = "<group>"; };
		0575B3F92C36D271006253DD /* MyExerciseCellView.swift */ = {isa = PBXFileReference; lastKnownFileType = sourcecode.swift; path = MyExerciseCellView.swift; sourceTree = "<group>"; };
		0579FD7B2C5048F100D617DF /* Divider.swift */ = {isa = PBXFileReference; lastKnownFileType = sourcecode.swift; path = Divider.swift; sourceTree = "<group>"; };
		0581615E2C3492D30012E105 /* Lap.swift */ = {isa = PBXFileReference; lastKnownFileType = sourcecode.swift; path = Lap.swift; sourceTree = "<group>"; };
		058882EF2C1E31A300451030 /* LabelGradientBackground.swift */ = {isa = PBXFileReference; lastKnownFileType = sourcecode.swift; path = LabelGradientBackground.swift; sourceTree = "<group>"; };
		058882F12C1E35CE00451030 /* ParameterTFView.swift */ = {isa = PBXFileReference; lastKnownFileType = sourcecode.swift; path = ParameterTFView.swift; sourceTree = "<group>"; };
		05AA11432C2DF20D00145826 /* MyWorkoutViewModel.swift */ = {isa = PBXFileReference; lastKnownFileType = sourcecode.swift; path = MyWorkoutViewModel.swift; sourceTree = "<group>"; };
		05AA11452C2DF5C700145826 /* MyWorkoutEditExerciseViewModel.swift */ = {isa = PBXFileReference; lastKnownFileType = sourcecode.swift; path = MyWorkoutEditExerciseViewModel.swift; sourceTree = "<group>"; };
		05AA11482C2DF93200145826 /* ActiveWorkoutView.swift */ = {isa = PBXFileReference; lastKnownFileType = sourcecode.swift; path = ActiveWorkoutView.swift; sourceTree = "<group>"; };
		05BC71792C0646F400524C58 /* LegoFit.app */ = {isa = PBXFileReference; explicitFileType = wrapper.application; includeInIndex = 0; path = LegoFit.app; sourceTree = BUILT_PRODUCTS_DIR; };
		05BC717C2C0646F400524C58 /* LegoFitApp.swift */ = {isa = PBXFileReference; lastKnownFileType = sourcecode.swift; path = LegoFitApp.swift; sourceTree = "<group>"; };
		05BC717E2C0646F400524C58 /* ContentView.swift */ = {isa = PBXFileReference; lastKnownFileType = sourcecode.swift; path = ContentView.swift; sourceTree = "<group>"; };
		05BC71802C0646F500524C58 /* Assets.xcassets */ = {isa = PBXFileReference; lastKnownFileType = folder.assetcatalog; path = Assets.xcassets; sourceTree = "<group>"; };
		05BC71832C0646F500524C58 /* Preview Assets.xcassets */ = {isa = PBXFileReference; lastKnownFileType = folder.assetcatalog; path = "Preview Assets.xcassets"; sourceTree = "<group>"; };
		05BC99AF2C4AED9700ED5B0D /* MainListStyle.swift */ = {isa = PBXFileReference; lastKnownFileType = sourcecode.swift; path = MainListStyle.swift; sourceTree = "<group>"; };
		05BC99B32C4AEE5C00ED5B0D /* extension + View.swift */ = {isa = PBXFileReference; lastKnownFileType = sourcecode.swift; path = "extension + View.swift"; sourceTree = "<group>"; };
		05BC99B52C4AEE8A00ED5B0D /* MainRowStyle.swift */ = {isa = PBXFileReference; lastKnownFileType = sourcecode.swift; path = MainRowStyle.swift; sourceTree = "<group>"; };
		05BC99B92C4AF09200ED5B0D /* MainGradientBackground.swift */ = {isa = PBXFileReference; lastKnownFileType = sourcecode.swift; path = MainGradientBackground.swift; sourceTree = "<group>"; };
		05BC99BF2C4AF44100ED5B0D /* HistoryWorkoutView.swift */ = {isa = PBXFileReference; lastKnownFileType = sourcecode.swift; path = HistoryWorkoutView.swift; sourceTree = "<group>"; };
		05C72FAD2C301BF9003ECC82 /* Exercise.swift */ = {isa = PBXFileReference; lastKnownFileType = sourcecode.swift; path = Exercise.swift; sourceTree = "<group>"; };
		05D3F8A82C2E084500494005 /* ActiveWorkoutViewModel.swift */ = {isa = PBXFileReference; lastKnownFileType = sourcecode.swift; path = ActiveWorkoutViewModel.swift; sourceTree = "<group>"; };
		05D745882C662E3C009B400D /* LaunchScreen.storyboard */ = {isa = PBXFileReference; lastKnownFileType = file.storyboard; path = LaunchScreen.storyboard; sourceTree = "<group>"; };
		05D857302C0D014900DD77AC /* MyWorkoutView.swift */ = {isa = PBXFileReference; lastKnownFileType = sourcecode.swift; path = MyWorkoutView.swift; sourceTree = "<group>"; };
		05D857322C0D089900DD77AC /* PreviewProviderSwiftData.swift */ = {isa = PBXFileReference; lastKnownFileType = sourcecode.swift; path = PreviewProviderSwiftData.swift; sourceTree = "<group>"; };
		05F87D292C0B7C8400AFB4CA /* ExerciseImageView.swift */ = {isa = PBXFileReference; lastKnownFileType = sourcecode.swift; path = ExerciseImageView.swift; sourceTree = "<group>"; };
/* End PBXFileReference section */

/* Begin PBXFrameworksBuildPhase section */
		05BC71762C0646F400524C58 /* Frameworks */ = {
			isa = PBXFrameworksBuildPhase;
			buildActionMask = 2147483647;
			files = (
				05E9B5532C6B7DBF00147A1A /* Kingfisher in Frameworks */,
			);
			runOnlyForDeploymentPostprocessing = 0;
		};
/* End PBXFrameworksBuildPhase section */

/* Begin PBXGroup section */
		05138FE92C62131E009E7954 /* Protocols */ = {
			isa = PBXGroup;
			children = (
				05138FEA2C621346009E7954 /* FetchedListViewable.swift */,
				05138FEC2C621384009E7954 /* ExerciseListCellDeletable.swift */,
			);
			path = Protocols;
			sourceTree = "<group>";
		};
		0518169C2C66D68300EB9DEC /* Alies */ = {
			isa = PBXGroup;
			children = (
				0518169D2C66D6AC00EB9DEC /* MainOpacity.swift */,
			);
			path = Alies;
			sourceTree = "<group>";
		};
		0525D39F2C08F9840007F632 /* CreateWorkout */ = {
			isa = PBXGroup;
			children = (
				0525D3AD2C0909FC0007F632 /* CreateWorkoutViewViewModel.swift */,
				0525D3A02C08F9F30007F632 /* CreateWorkoutView.swift */,
				0538125C2C18F2440040CD5D /* CreateWorkoutSaveView.swift */,
			);
			path = CreateWorkout;
			sourceTree = "<group>";
		};
		0525D3B52C09DF4A0007F632 /* MyWorkouts */ = {
			isa = PBXGroup;
			children = (
				0525D3B62C09DF800007F632 /* MyWorkoutsView.swift */,
				05D857302C0D014900DD77AC /* MyWorkoutView.swift */,
				05AA11432C2DF20D00145826 /* MyWorkoutViewModel.swift */,
				05530F422C2618A30044A855 /* MyWorkoutEditExerciseView.swift */,
				05AA11452C2DF5C700145826 /* MyWorkoutEditExerciseViewModel.swift */,
				0502F3B82C5941D7006FB721 /* MyWorkoutEditLapView.swift */,
			);
			path = MyWorkouts;
			sourceTree = "<group>";
		};
		052BA4202C5AB36900892ED7 /* Styles */ = {
			isa = PBXGroup;
			children = (
				052BA4212C5AB3C900892ED7 /* OvalTextFieldStyle.swift */,
			);
			path = Styles;
			sourceTree = "<group>";
		};
		053763AA2C5D5E8100312A77 /* FetchedListView */ = {
			isa = PBXGroup;
			children = (
				053763AB2C5D5EA500312A77 /* FetchedListView.swift */,
				054BF84C2C5FB3DD005FBEA5 /* FetchedListViewModel.swift */,
				053763B32C5D657900312A77 /* FetchedListDetailsView.swift */,
				054BF84E2C5FB94D005FBEA5 /* FetchedListDetailsViewModel.swift */,
			);
			path = FetchedListView;
			sourceTree = "<group>";
		};
		053763B52C5D732600312A77 /* EditMyWorkout */ = {
			isa = PBXGroup;
			children = (
				053763B82C5D737D00312A77 /* EditMyWorkoutSingleView.swift */,
				053763B62C5D735C00312A77 /* EditMyWorkoutLapView.swift */,
				053763BA2C5D73CA00312A77 /* EditMyWorkoutLapViewModel.swift */,
			);
			path = EditMyWorkout;
			sourceTree = "<group>";
		};
		0538EAC22C5FE47300D100FC /* ExerciseListAdd */ = {
			isa = PBXGroup;
			children = (
				053763AD2C5D5EC100312A77 /* ExerciseListAddView.swift */,
				0538EAC62C5FE4CC00D100FC /* ExerciseListAddViewModel.swift */,
				0524622B2C5E9CC000C4090A /* ButtonLap.swift */,
			);
			path = ExerciseListAdd;
			sourceTree = "<group>";
		};
		0555C5C82C09F1110090C252 /* Views */ = {
			isa = PBXGroup;
			children = (
				05F87D292C0B7C8400AFB4CA /* ExerciseImageView.swift */,
				050AFB5A2C64BF9F0001AA81 /* CategoryButton.swift */,
				058882F12C1E35CE00451030 /* ParameterTFView.swift */,
				0567571C2C2B79E9009062C5 /* ExerciseParametersTF.swift */,
				058882EF2C1E31A300451030 /* LabelGradientBackground.swift */,
				05BC99B92C4AF09200ED5B0D /* MainGradientBackground.swift */,
				0575B3F92C36D271006253DD /* MyExerciseCellView.swift */,
				0528E9962C2F051D00BE9B02 /* CircleButton.swift */,
				0579FD7B2C5048F100D617DF /* Divider.swift */,
				0502F3BA2C595392006FB721 /* SaveButton.swift */,
				052BA41E2C5AB28C00892ED7 /* LapQuantityTF.swift */,
			);
			path = Views;
			sourceTree = "<group>";
		};
		05AA11472C2DF8FF00145826 /* ActiveWorkout */ = {
			isa = PBXGroup;
			children = (
				05AA11482C2DF93200145826 /* ActiveWorkoutView.swift */,
				05D3F8A82C2E084500494005 /* ActiveWorkoutViewModel.swift */,
				0516177A2C6E1E5D00E28777 /* ActiveWorkoutSingleView.swift */,
				0516177C2C6E1ED700E28777 /* ActiveWorkoutLapView.swift */,
				0516177E2C6E1F1700E28777 /* ActiveWorkoutFinishView.swift */,
			);
			path = ActiveWorkout;
			sourceTree = "<group>";
		};
		05BC71702C0646F400524C58 = {
			isa = PBXGroup;
			children = (
				05BC717B2C0646F400524C58 /* LegoFit */,
				05BC717A2C0646F400524C58 /* Products */,
			);
			sourceTree = "<group>";
		};
		05BC717A2C0646F400524C58 /* Products */ = {
			isa = PBXGroup;
			children = (
				05BC71792C0646F400524C58 /* LegoFit.app */,
			);
			name = Products;
			sourceTree = "<group>";
		};
		05BC717B2C0646F400524C58 /* LegoFit */ = {
			isa = PBXGroup;
			children = (
				051856092C1ED48300138B3E /* API.swift */,
				05BC717C2C0646F400524C58 /* LegoFitApp.swift */,
				05BC717E2C0646F400524C58 /* ContentView.swift */,
				05D745882C662E3C009B400D /* LaunchScreen.storyboard */,
				0555C5C82C09F1110090C252 /* Views */,
				053763AA2C5D5E8100312A77 /* FetchedListView */,
				0538EAC22C5FE47300D100FC /* ExerciseListAdd */,
				05BC99BE2C4AF40A00ED5B0D /* HistoryWorkout */,
				0525D3B52C09DF4A0007F632 /* MyWorkouts */,
				053763B52C5D732600312A77 /* EditMyWorkout */,
				05AA11472C2DF8FF00145826 /* ActiveWorkout */,
				0525D39F2C08F9840007F632 /* CreateWorkout */,
				05C72FAB2C301B8A003ECC82 /* Models */,
				05BC99B22C4AEE3A00ED5B0D /* Extensions */,
				05BC99AE2C4AED5700ED5B0D /* Modifiers */,
				05138FE92C62131E009E7954 /* Protocols */,
				052BA4202C5AB36900892ED7 /* Styles */,
				05BC718D2C08E9FA00524C58 /* Services */,
				0518169C2C66D68300EB9DEC /* Alies */,
				05BC71802C0646F500524C58 /* Assets.xcassets */,
				05C72FAC2C301BB8003ECC82 /* PreviewSupports */,
				05BC71822C0646F500524C58 /* Preview Content */,
			);
			path = LegoFit;
			sourceTree = "<group>";
		};
		05BC71822C0646F500524C58 /* Preview Content */ = {
			isa = PBXGroup;
			children = (
				05BC71832C0646F500524C58 /* Preview Assets.xcassets */,
			);
			path = "Preview Content";
			sourceTree = "<group>";
		};
		05BC718D2C08E9FA00524C58 /* Services */ = {
			isa = PBXGroup;
			children = (
				0525D3A42C0900CB0007F632 /* NetworkManager.swift */,
				0525D3B32C09D9400007F632 /* StorageManager.swift */,
			);
			path = Services;
			sourceTree = "<group>";
		};
		05BC99AE2C4AED5700ED5B0D /* Modifiers */ = {
			isa = PBXGroup;
			children = (
				05BC99AF2C4AED9700ED5B0D /* MainListStyle.swift */,
				05BC99B52C4AEE8A00ED5B0D /* MainRowStyle.swift */,
				051EC9E52C53EA480032C916 /* LapExerciseRowStyle.swift */,
			);
			path = Modifiers;
			sourceTree = "<group>";
		};
		05BC99B22C4AEE3A00ED5B0D /* Extensions */ = {
			isa = PBXGroup;
			children = (
				05BC99B32C4AEE5C00ED5B0D /* extension + View.swift */,
			);
			path = Extensions;
			sourceTree = "<group>";
		};
		05BC99BE2C4AF40A00ED5B0D /* HistoryWorkout */ = {
			isa = PBXGroup;
			children = (
				05BC99BF2C4AF44100ED5B0D /* HistoryWorkoutView.swift */,
			);
			path = HistoryWorkout;
			sourceTree = "<group>";
		};
		05C72FAB2C301B8A003ECC82 /* Models */ = {
			isa = PBXGroup;
			children = (
				0525D3AB2C0908E10007F632 /* Workout.swift */,
				0581615E2C3492D30012E105 /* Lap.swift */,
				05C72FAD2C301BF9003ECC82 /* Exercise.swift */,
				050AFB5C2C6562250001AA81 /* ExerciseCategory.swift */,
			);
			path = Models;
			sourceTree = "<group>";
		};
		05C72FAC2C301BB8003ECC82 /* PreviewSupports */ = {
			isa = PBXGroup;
			children = (
				05D857322C0D089900DD77AC /* PreviewProviderSwiftData.swift */,
			);
			path = PreviewSupports;
			sourceTree = "<group>";
		};
/* End PBXGroup section */

/* Begin PBXNativeTarget section */
		05BC71782C0646F400524C58 /* LegoFit */ = {
			isa = PBXNativeTarget;
			buildConfigurationList = 05BC71872C0646F500524C58 /* Build configuration list for PBXNativeTarget "LegoFit" */;
			buildPhases = (
				05BC71752C0646F400524C58 /* Sources */,
				05BC71762C0646F400524C58 /* Frameworks */,
				05BC71772C0646F400524C58 /* Resources */,
				05A996662C1757B200D65AD1 /* Embed Frameworks */,
			);
			buildRules = (
			);
			dependencies = (
			);
			name = LegoFit;
			packageProductDependencies = (
				05E9B5522C6B7DBF00147A1A /* Kingfisher */,
			);
			productName = LegoFit;
			productReference = 05BC71792C0646F400524C58 /* LegoFit.app */;
			productType = "com.apple.product-type.application";
		};
/* End PBXNativeTarget section */

/* Begin PBXProject section */
		05BC71712C0646F400524C58 /* Project object */ = {
			isa = PBXProject;
			attributes = {
				BuildIndependentTargetsInParallel = 1;
				LastSwiftUpdateCheck = 1530;
				LastUpgradeCheck = 1530;
				TargetAttributes = {
					05BC71782C0646F400524C58 = {
						CreatedOnToolsVersion = 15.3;
					};
				};
			};
			buildConfigurationList = 05BC71742C0646F400524C58 /* Build configuration list for PBXProject "LegoFit" */;
			compatibilityVersion = "Xcode 14.0";
			developmentRegion = en;
			hasScannedForEncodings = 0;
			knownRegions = (
				en,
				Base,
			);
			mainGroup = 05BC71702C0646F400524C58;
			packageReferences = (
				05E9B5512C6B7DBF00147A1A /* XCRemoteSwiftPackageReference "Kingfisher" */,
			);
			productRefGroup = 05BC717A2C0646F400524C58 /* Products */;
			projectDirPath = "";
			projectRoot = "";
			targets = (
				05BC71782C0646F400524C58 /* LegoFit */,
			);
		};
/* End PBXProject section */

/* Begin PBXResourcesBuildPhase section */
		05BC71772C0646F400524C58 /* Resources */ = {
			isa = PBXResourcesBuildPhase;
			buildActionMask = 2147483647;
			files = (
				05D745892C662E3C009B400D /* LaunchScreen.storyboard in Resources */,
				05BC71842C0646F500524C58 /* Preview Assets.xcassets in Resources */,
				05BC71812C0646F500524C58 /* Assets.xcassets in Resources */,
			);
			runOnlyForDeploymentPostprocessing = 0;
		};
/* End PBXResourcesBuildPhase section */

/* Begin PBXSourcesBuildPhase section */
		05BC71752C0646F400524C58 /* Sources */ = {
			isa = PBXSourcesBuildPhase;
			buildActionMask = 2147483647;
			files = (
				0525D3AC2C0908E10007F632 /* Workout.swift in Sources */,
				0518560A2C1ED48300138B3E /* API.swift in Sources */,
				05BC99B62C4AEE8A00ED5B0D /* MainRowStyle.swift in Sources */,
				05D857312C0D014900DD77AC /* MyWorkoutView.swift in Sources */,
				0581615F2C3492D30012E105 /* Lap.swift in Sources */,
				053763AE2C5D5EC100312A77 /* ExerciseListAddView.swift in Sources */,
				053763BB2C5D73CA00312A77 /* EditMyWorkoutLapViewModel.swift in Sources */,
				051EC9E62C53EA480032C916 /* LapExerciseRowStyle.swift in Sources */,
				05BC99C02C4AF44100ED5B0D /* HistoryWorkoutView.swift in Sources */,
				05AA11462C2DF5C700145826 /* MyWorkoutEditExerciseViewModel.swift in Sources */,
				0525D3A52C0900CB0007F632 /* NetworkManager.swift in Sources */,
				050AFB5B2C64BF9F0001AA81 /* CategoryButton.swift in Sources */,
				0528E9972C2F051D00BE9B02 /* CircleButton.swift in Sources */,
				05138FED2C621384009E7954 /* ExerciseListCellDeletable.swift in Sources */,
				05BC99B42C4AEE5C00ED5B0D /* extension + View.swift in Sources */,
				053763B72C5D735C00312A77 /* EditMyWorkoutLapView.swift in Sources */,
				053763B42C5D657900312A77 /* FetchedListDetailsView.swift in Sources */,
				05BC99BA2C4AF09200ED5B0D /* MainGradientBackground.swift in Sources */,
				0567571D2C2B79E9009062C5 /* ExerciseParametersTF.swift in Sources */,
				0518169E2C66D6AC00EB9DEC /* MainOpacity.swift in Sources */,
				0516177D2C6E1ED700E28777 /* ActiveWorkoutLapView.swift in Sources */,
				05F87D2A2C0B7C8400AFB4CA /* ExerciseImageView.swift in Sources */,
				05AA11442C2DF20D00145826 /* MyWorkoutViewModel.swift in Sources */,
				053763AC2C5D5EA500312A77 /* FetchedListView.swift in Sources */,
				0525D3AE2C0909FC0007F632 /* CreateWorkoutViewViewModel.swift in Sources */,
				0516177B2C6E1E5D00E28777 /* ActiveWorkoutSingleView.swift in Sources */,
				053763B92C5D737D00312A77 /* EditMyWorkoutSingleView.swift in Sources */,
				05138FEB2C621346009E7954 /* FetchedListViewable.swift in Sources */,
				0502F3B92C5941D7006FB721 /* MyWorkoutEditLapView.swift in Sources */,
				058882F22C1E35CE00451030 /* ParameterTFView.swift in Sources */,
				0525D3B72C09DF800007F632 /* MyWorkoutsView.swift in Sources */,
				0538125D2C18F2440040CD5D /* CreateWorkoutSaveView.swift in Sources */,
				050AFB5D2C6562250001AA81 /* ExerciseCategory.swift in Sources */,
				052BA4222C5AB3C900892ED7 /* OvalTextFieldStyle.swift in Sources */,
				05BC717F2C0646F400524C58 /* ContentView.swift in Sources */,
				052BA41F2C5AB28C00892ED7 /* LapQuantityTF.swift in Sources */,
				0575B3FA2C36D271006253DD /* MyExerciseCellView.swift in Sources */,
				054BF84D2C5FB3DD005FBEA5 /* FetchedListViewModel.swift in Sources */,
				0525D3A12C08F9F30007F632 /* CreateWorkoutView.swift in Sources */,
				0525D3B42C09D9400007F632 /* StorageManager.swift in Sources */,
				0502F3BB2C595392006FB721 /* SaveButton.swift in Sources */,
				05C72FAE2C301BF9003ECC82 /* Exercise.swift in Sources */,
				05BC717D2C0646F400524C58 /* LegoFitApp.swift in Sources */,
				058882F02C1E31A300451030 /* LabelGradientBackground.swift in Sources */,
				0579FD7C2C5048F100D617DF /* Divider.swift in Sources */,
				05D3F8A92C2E084500494005 /* ActiveWorkoutViewModel.swift in Sources */,
				05AA11492C2DF93200145826 /* ActiveWorkoutView.swift in Sources */,
				05530F432C2618A30044A855 /* MyWorkoutEditExerciseView.swift in Sources */,
				0524622C2C5E9CC000C4090A /* ButtonLap.swift in Sources */,
				054BF84F2C5FB94D005FBEA5 /* FetchedListDetailsViewModel.swift in Sources */,
				05BC99B02C4AED9700ED5B0D /* MainListStyle.swift in Sources */,
				0516177F2C6E1F1700E28777 /* ActiveWorkoutFinishView.swift in Sources */,
				05D857332C0D089900DD77AC /* PreviewProviderSwiftData.swift in Sources */,
				0538EAC72C5FE4CC00D100FC /* ExerciseListAddViewModel.swift in Sources */,
			);
			runOnlyForDeploymentPostprocessing = 0;
		};
/* End PBXSourcesBuildPhase section */

/* Begin XCBuildConfiguration section */
		05BC71852C0646F500524C58 /* Debug */ = {
			isa = XCBuildConfiguration;
			buildSettings = {
				ALWAYS_SEARCH_USER_PATHS = NO;
				ASSETCATALOG_COMPILER_GENERATE_SWIFT_ASSET_SYMBOL_EXTENSIONS = YES;
				CLANG_ANALYZER_NONNULL = YES;
				CLANG_ANALYZER_NUMBER_OBJECT_CONVERSION = YES_AGGRESSIVE;
				CLANG_CXX_LANGUAGE_STANDARD = "gnu++20";
				CLANG_ENABLE_MODULES = YES;
				CLANG_ENABLE_OBJC_ARC = YES;
				CLANG_ENABLE_OBJC_WEAK = YES;
				CLANG_WARN_BLOCK_CAPTURE_AUTORELEASING = YES;
				CLANG_WARN_BOOL_CONVERSION = YES;
				CLANG_WARN_COMMA = YES;
				CLANG_WARN_CONSTANT_CONVERSION = YES;
				CLANG_WARN_DEPRECATED_OBJC_IMPLEMENTATIONS = YES;
				CLANG_WARN_DIRECT_OBJC_ISA_USAGE = YES_ERROR;
				CLANG_WARN_DOCUMENTATION_COMMENTS = YES;
				CLANG_WARN_EMPTY_BODY = YES;
				CLANG_WARN_ENUM_CONVERSION = YES;
				CLANG_WARN_INFINITE_RECURSION = YES;
				CLANG_WARN_INT_CONVERSION = YES;
				CLANG_WARN_NON_LITERAL_NULL_CONVERSION = YES;
				CLANG_WARN_OBJC_IMPLICIT_RETAIN_SELF = YES;
				CLANG_WARN_OBJC_LITERAL_CONVERSION = YES;
				CLANG_WARN_OBJC_ROOT_CLASS = YES_ERROR;
				CLANG_WARN_QUOTED_INCLUDE_IN_FRAMEWORK_HEADER = YES;
				CLANG_WARN_RANGE_LOOP_ANALYSIS = YES;
				CLANG_WARN_STRICT_PROTOTYPES = YES;
				CLANG_WARN_SUSPICIOUS_MOVE = YES;
				CLANG_WARN_UNGUARDED_AVAILABILITY = YES_AGGRESSIVE;
				CLANG_WARN_UNREACHABLE_CODE = YES;
				CLANG_WARN__DUPLICATE_METHOD_MATCH = YES;
				COPY_PHASE_STRIP = NO;
				DEBUG_INFORMATION_FORMAT = dwarf;
				ENABLE_STRICT_OBJC_MSGSEND = YES;
				ENABLE_TESTABILITY = YES;
				ENABLE_USER_SCRIPT_SANDBOXING = YES;
				GCC_C_LANGUAGE_STANDARD = gnu17;
				GCC_DYNAMIC_NO_PIC = NO;
				GCC_NO_COMMON_BLOCKS = YES;
				GCC_OPTIMIZATION_LEVEL = 0;
				GCC_PREPROCESSOR_DEFINITIONS = (
					"DEBUG=1",
					"$(inherited)",
				);
				GCC_WARN_64_TO_32_BIT_CONVERSION = YES;
				GCC_WARN_ABOUT_RETURN_TYPE = YES_ERROR;
				GCC_WARN_UNDECLARED_SELECTOR = YES;
				GCC_WARN_UNINITIALIZED_AUTOS = YES_AGGRESSIVE;
				GCC_WARN_UNUSED_FUNCTION = YES;
				GCC_WARN_UNUSED_VARIABLE = YES;
				IPHONEOS_DEPLOYMENT_TARGET = 17.0;
				LOCALIZATION_PREFERS_STRING_CATALOGS = YES;
				MTL_ENABLE_DEBUG_INFO = INCLUDE_SOURCE;
				MTL_FAST_MATH = YES;
				ONLY_ACTIVE_ARCH = YES;
				SDKROOT = iphoneos;
				SWIFT_ACTIVE_COMPILATION_CONDITIONS = "DEBUG $(inherited)";
				SWIFT_OPTIMIZATION_LEVEL = "-Onone";
			};
			name = Debug;
		};
		05BC71862C0646F500524C58 /* Release */ = {
			isa = XCBuildConfiguration;
			buildSettings = {
				ALWAYS_SEARCH_USER_PATHS = NO;
				ASSETCATALOG_COMPILER_GENERATE_SWIFT_ASSET_SYMBOL_EXTENSIONS = YES;
				CLANG_ANALYZER_NONNULL = YES;
				CLANG_ANALYZER_NUMBER_OBJECT_CONVERSION = YES_AGGRESSIVE;
				CLANG_CXX_LANGUAGE_STANDARD = "gnu++20";
				CLANG_ENABLE_MODULES = YES;
				CLANG_ENABLE_OBJC_ARC = YES;
				CLANG_ENABLE_OBJC_WEAK = YES;
				CLANG_WARN_BLOCK_CAPTURE_AUTORELEASING = YES;
				CLANG_WARN_BOOL_CONVERSION = YES;
				CLANG_WARN_COMMA = YES;
				CLANG_WARN_CONSTANT_CONVERSION = YES;
				CLANG_WARN_DEPRECATED_OBJC_IMPLEMENTATIONS = YES;
				CLANG_WARN_DIRECT_OBJC_ISA_USAGE = YES_ERROR;
				CLANG_WARN_DOCUMENTATION_COMMENTS = YES;
				CLANG_WARN_EMPTY_BODY = YES;
				CLANG_WARN_ENUM_CONVERSION = YES;
				CLANG_WARN_INFINITE_RECURSION = YES;
				CLANG_WARN_INT_CONVERSION = YES;
				CLANG_WARN_NON_LITERAL_NULL_CONVERSION = YES;
				CLANG_WARN_OBJC_IMPLICIT_RETAIN_SELF = YES;
				CLANG_WARN_OBJC_LITERAL_CONVERSION = YES;
				CLANG_WARN_OBJC_ROOT_CLASS = YES_ERROR;
				CLANG_WARN_QUOTED_INCLUDE_IN_FRAMEWORK_HEADER = YES;
				CLANG_WARN_RANGE_LOOP_ANALYSIS = YES;
				CLANG_WARN_STRICT_PROTOTYPES = YES;
				CLANG_WARN_SUSPICIOUS_MOVE = YES;
				CLANG_WARN_UNGUARDED_AVAILABILITY = YES_AGGRESSIVE;
				CLANG_WARN_UNREACHABLE_CODE = YES;
				CLANG_WARN__DUPLICATE_METHOD_MATCH = YES;
				COPY_PHASE_STRIP = NO;
				DEBUG_INFORMATION_FORMAT = "dwarf-with-dsym";
				ENABLE_NS_ASSERTIONS = NO;
				ENABLE_STRICT_OBJC_MSGSEND = YES;
				ENABLE_USER_SCRIPT_SANDBOXING = YES;
				GCC_C_LANGUAGE_STANDARD = gnu17;
				GCC_NO_COMMON_BLOCKS = YES;
				GCC_WARN_64_TO_32_BIT_CONVERSION = YES;
				GCC_WARN_ABOUT_RETURN_TYPE = YES_ERROR;
				GCC_WARN_UNDECLARED_SELECTOR = YES;
				GCC_WARN_UNINITIALIZED_AUTOS = YES_AGGRESSIVE;
				GCC_WARN_UNUSED_FUNCTION = YES;
				GCC_WARN_UNUSED_VARIABLE = YES;
				IPHONEOS_DEPLOYMENT_TARGET = 17.0;
				LOCALIZATION_PREFERS_STRING_CATALOGS = YES;
				MTL_ENABLE_DEBUG_INFO = NO;
				MTL_FAST_MATH = YES;
				SDKROOT = iphoneos;
				SWIFT_COMPILATION_MODE = wholemodule;
				VALIDATE_PRODUCT = YES;
			};
			name = Release;
		};
		05BC71882C0646F500524C58 /* Debug */ = {
			isa = XCBuildConfiguration;
			buildSettings = {
				ASSETCATALOG_COMPILER_APPICON_NAME = AppIcon;
				ASSETCATALOG_COMPILER_GLOBAL_ACCENT_COLOR_NAME = AccentColor;
				CODE_SIGN_STYLE = Automatic;
				CURRENT_PROJECT_VERSION = 1;
				DEVELOPMENT_ASSET_PATHS = "\"LegoFit/Preview Content\"";
				DEVELOPMENT_TEAM = AM64M5A8BU;
				ENABLE_PREVIEWS = YES;
				GENERATE_INFOPLIST_FILE = YES;
				INFOPLIST_KEY_CFBundleDisplayName = LegoFit;
				INFOPLIST_KEY_UIApplicationSceneManifest_Generation = YES;
				INFOPLIST_KEY_UIApplicationSupportsIndirectInputEvents = YES;
				INFOPLIST_KEY_UILaunchScreen_Generation = YES;
				INFOPLIST_KEY_UILaunchStoryboardName = LaunchScreen.storyboard;
				INFOPLIST_KEY_UISupportedInterfaceOrientations = UIInterfaceOrientationPortrait;
				INFOPLIST_KEY_UISupportedInterfaceOrientations_iPad = "UIInterfaceOrientationLandscapeLeft UIInterfaceOrientationLandscapeRight UIInterfaceOrientationPortrait UIInterfaceOrientationPortraitUpsideDown";
				LD_RUNPATH_SEARCH_PATHS = (
					"$(inherited)",
					"@executable_path/Frameworks",
				);
				MARKETING_VERSION = 1.0;
				PRODUCT_BUNDLE_IDENTIFIER = DenisDenisov.LegoFit;
				PRODUCT_NAME = "$(TARGET_NAME)";
				SUPPORTED_PLATFORMS = "iphoneos iphonesimulator";
				SUPPORTS_MACCATALYST = NO;
				SUPPORTS_MAC_DESIGNED_FOR_IPHONE_IPAD = NO;
				SUPPORTS_XR_DESIGNED_FOR_IPHONE_IPAD = NO;
				SWIFT_EMIT_LOC_STRINGS = YES;
				SWIFT_VERSION = 5.0;
				TARGETED_DEVICE_FAMILY = 1;
			};
			name = Debug;
		};
		05BC71892C0646F500524C58 /* Release */ = {
			isa = XCBuildConfiguration;
			buildSettings = {
				ASSETCATALOG_COMPILER_APPICON_NAME = AppIcon;
				ASSETCATALOG_COMPILER_GLOBAL_ACCENT_COLOR_NAME = AccentColor;
				CODE_SIGN_STYLE = Automatic;
				CURRENT_PROJECT_VERSION = 1;
				DEVELOPMENT_ASSET_PATHS = "\"LegoFit/Preview Content\"";
				DEVELOPMENT_TEAM = AM64M5A8BU;
				ENABLE_PREVIEWS = YES;
				GENERATE_INFOPLIST_FILE = YES;
				INFOPLIST_KEY_CFBundleDisplayName = LegoFit;
				INFOPLIST_KEY_UIApplicationSceneManifest_Generation = YES;
				INFOPLIST_KEY_UIApplicationSupportsIndirectInputEvents = YES;
				INFOPLIST_KEY_UILaunchScreen_Generation = YES;
				INFOPLIST_KEY_UILaunchStoryboardName = LaunchScreen.storyboard;
				INFOPLIST_KEY_UISupportedInterfaceOrientations = UIInterfaceOrientationPortrait;
				INFOPLIST_KEY_UISupportedInterfaceOrientations_iPad = "UIInterfaceOrientationLandscapeLeft UIInterfaceOrientationLandscapeRight UIInterfaceOrientationPortrait UIInterfaceOrientationPortraitUpsideDown";
				LD_RUNPATH_SEARCH_PATHS = (
					"$(inherited)",
					"@executable_path/Frameworks",
				);
				MARKETING_VERSION = 1.0;
				PRODUCT_BUNDLE_IDENTIFIER = DenisDenisov.LegoFit;
				PRODUCT_NAME = "$(TARGET_NAME)";
				SUPPORTED_PLATFORMS = "iphoneos iphonesimulator";
				SUPPORTS_MACCATALYST = NO;
				SUPPORTS_MAC_DESIGNED_FOR_IPHONE_IPAD = NO;
				SUPPORTS_XR_DESIGNED_FOR_IPHONE_IPAD = NO;
				SWIFT_EMIT_LOC_STRINGS = YES;
				SWIFT_VERSION = 5.0;
				TARGETED_DEVICE_FAMILY = 1;
			};
			name = Release;
		};
/* End XCBuildConfiguration section */

/* Begin XCConfigurationList section */
		05BC71742C0646F400524C58 /* Build configuration list for PBXProject "LegoFit" */ = {
			isa = XCConfigurationList;
			buildConfigurations = (
				05BC71852C0646F500524C58 /* Debug */,
				05BC71862C0646F500524C58 /* Release */,
			);
			defaultConfigurationIsVisible = 0;
			defaultConfigurationName = Release;
		};
		05BC71872C0646F500524C58 /* Build configuration list for PBXNativeTarget "LegoFit" */ = {
			isa = XCConfigurationList;
			buildConfigurations = (
				05BC71882C0646F500524C58 /* Debug */,
				05BC71892C0646F500524C58 /* Release */,
			);
			defaultConfigurationIsVisible = 0;
			defaultConfigurationName = Release;
		};
/* End XCConfigurationList section */

/* Begin XCRemoteSwiftPackageReference section */
		05E9B5512C6B7DBF00147A1A /* XCRemoteSwiftPackageReference "Kingfisher" */ = {
			isa = XCRemoteSwiftPackageReference;
			repositoryURL = "https://github.com/onevcat/Kingfisher.git";
			requirement = {
				kind = upToNextMajorVersion;
				minimumVersion = 7.12.0;
			};
		};
/* End XCRemoteSwiftPackageReference section */

/* Begin XCSwiftPackageProductDependency section */
		05E9B5522C6B7DBF00147A1A /* Kingfisher */ = {
			isa = XCSwiftPackageProductDependency;
			package = 05E9B5512C6B7DBF00147A1A /* XCRemoteSwiftPackageReference "Kingfisher" */;
			productName = Kingfisher;
		};
/* End XCSwiftPackageProductDependency section */
	};
	rootObject = 05BC71712C0646F400524C58 /* Project object */;
}
