// !$*UTF8*$!
{
	archiveVersion = 1;
	classes = {
	};
	objectVersion = 56;
	objects = {

/* Begin PBXBuildFile section */
		0518560A2C1ED48300138B3E /* API.swift in Sources */ = {isa = PBXBuildFile; fileRef = 051856092C1ED48300138B3E /* API.swift */; };
		0525D3A12C08F9F30007F632 /* CreateWorkoutView.swift in Sources */ = {isa = PBXBuildFile; fileRef = 0525D3A02C08F9F30007F632 /* CreateWorkoutView.swift */; };
		0525D3A52C0900CB0007F632 /* NetworkManager.swift in Sources */ = {isa = PBXBuildFile; fileRef = 0525D3A42C0900CB0007F632 /* NetworkManager.swift */; };
		0525D3AC2C0908E10007F632 /* Workout.swift in Sources */ = {isa = PBXBuildFile; fileRef = 0525D3AB2C0908E10007F632 /* Workout.swift */; };
		0525D3AE2C0909FC0007F632 /* CreateWorkoutViewViewModel.swift in Sources */ = {isa = PBXBuildFile; fileRef = 0525D3AD2C0909FC0007F632 /* CreateWorkoutViewViewModel.swift */; };
		0525D3B02C0912E10007F632 /* CreateWorkoutDetailsView.swift in Sources */ = {isa = PBXBuildFile; fileRef = 0525D3AF2C0912E10007F632 /* CreateWorkoutDetailsView.swift */; };
		0525D3B42C09D9400007F632 /* StorageManager.swift in Sources */ = {isa = PBXBuildFile; fileRef = 0525D3B32C09D9400007F632 /* StorageManager.swift */; };
		0525D3B72C09DF800007F632 /* MyWorkoutsView.swift in Sources */ = {isa = PBXBuildFile; fileRef = 0525D3B62C09DF800007F632 /* MyWorkoutsView.swift */; };
		0528E9972C2F051D00BE9B02 /* CircleButton.swift in Sources */ = {isa = PBXBuildFile; fileRef = 0528E9962C2F051D00BE9B02 /* CircleButton.swift */; };
		0538125D2C18F2440040CD5D /* CreateWorkoutSaveView.swift in Sources */ = {isa = PBXBuildFile; fileRef = 0538125C2C18F2440040CD5D /* CreateWorkoutSaveView.swift */; };
		05530F432C2618A30044A855 /* MyWorkoutDetailsView.swift in Sources */ = {isa = PBXBuildFile; fileRef = 05530F422C2618A30044A855 /* MyWorkoutDetailsView.swift */; };
		0567571D2C2B79E9009062C5 /* ExerciseParametersTF.swift in Sources */ = {isa = PBXBuildFile; fileRef = 0567571C2C2B79E9009062C5 /* ExerciseParametersTF.swift */; };
		0575B3FA2C36D271006253DD /* MyExerciseCellView.swift in Sources */ = {isa = PBXBuildFile; fileRef = 0575B3F92C36D271006253DD /* MyExerciseCellView.swift */; };
		057A4D862C1C895500B977A9 /* HeaderView.swift in Sources */ = {isa = PBXBuildFile; fileRef = 057A4D852C1C895500B977A9 /* HeaderView.swift */; };
		057A4D882C1C9D1700B977A9 /* ButtonToolBar.swift in Sources */ = {isa = PBXBuildFile; fileRef = 057A4D872C1C9D1700B977A9 /* ButtonToolBar.swift */; };
		0581615F2C3492D30012E105 /* Lap.swift in Sources */ = {isa = PBXBuildFile; fileRef = 0581615E2C3492D30012E105 /* Lap.swift */; };
		058882F02C1E31A300451030 /* LabelGradientBackground.swift in Sources */ = {isa = PBXBuildFile; fileRef = 058882EF2C1E31A300451030 /* LabelGradientBackground.swift */; };
		058882F22C1E35CE00451030 /* ParameterTextFieldView.swift in Sources */ = {isa = PBXBuildFile; fileRef = 058882F12C1E35CE00451030 /* ParameterTextFieldView.swift */; };
		05AA11442C2DF20D00145826 /* MyWorkoutViewModel.swift in Sources */ = {isa = PBXBuildFile; fileRef = 05AA11432C2DF20D00145826 /* MyWorkoutViewModel.swift */; };
		05AA11462C2DF5C700145826 /* MyWorkoutDetailsViewModel.swift in Sources */ = {isa = PBXBuildFile; fileRef = 05AA11452C2DF5C700145826 /* MyWorkoutDetailsViewModel.swift */; };
		05AA11492C2DF93200145826 /* ActiveWorkoutView.swift in Sources */ = {isa = PBXBuildFile; fileRef = 05AA11482C2DF93200145826 /* ActiveWorkoutView.swift */; };
		05B349FB2C5021D200A8CC13 /* Kingfisher in Frameworks */ = {isa = PBXBuildFile; productRef = 05B349FA2C5021D200A8CC13 /* Kingfisher */; };
		05BC717D2C0646F400524C58 /* LegoFitApp.swift in Sources */ = {isa = PBXBuildFile; fileRef = 05BC717C2C0646F400524C58 /* LegoFitApp.swift */; };
		05BC717F2C0646F400524C58 /* ContentView.swift in Sources */ = {isa = PBXBuildFile; fileRef = 05BC717E2C0646F400524C58 /* ContentView.swift */; };
		05BC71812C0646F500524C58 /* Assets.xcassets in Resources */ = {isa = PBXBuildFile; fileRef = 05BC71802C0646F500524C58 /* Assets.xcassets */; };
		05BC71842C0646F500524C58 /* Preview Assets.xcassets in Resources */ = {isa = PBXBuildFile; fileRef = 05BC71832C0646F500524C58 /* Preview Assets.xcassets */; };
		05BC99B02C4AED9700ED5B0D /* MainListStyle.swift in Sources */ = {isa = PBXBuildFile; fileRef = 05BC99AF2C4AED9700ED5B0D /* MainListStyle.swift */; };
		05BC99B42C4AEE5C00ED5B0D /* extension + View.swift in Sources */ = {isa = PBXBuildFile; fileRef = 05BC99B32C4AEE5C00ED5B0D /* extension + View.swift */; };
		05BC99B62C4AEE8A00ED5B0D /* MainRowStyle.swift in Sources */ = {isa = PBXBuildFile; fileRef = 05BC99B52C4AEE8A00ED5B0D /* MainRowStyle.swift */; };
		05BC99BA2C4AF09200ED5B0D /* MainGradientBackground.swift in Sources */ = {isa = PBXBuildFile; fileRef = 05BC99B92C4AF09200ED5B0D /* MainGradientBackground.swift */; };
		05BC99C02C4AF44100ED5B0D /* HistoryWorkoutView.swift in Sources */ = {isa = PBXBuildFile; fileRef = 05BC99BF2C4AF44100ED5B0D /* HistoryWorkoutView.swift */; };
		05C72FAE2C301BF9003ECC82 /* Exercise.swift in Sources */ = {isa = PBXBuildFile; fileRef = 05C72FAD2C301BF9003ECC82 /* Exercise.swift */; };
		05D3F8A92C2E084500494005 /* ActiveWorkoutViewModel.swift in Sources */ = {isa = PBXBuildFile; fileRef = 05D3F8A82C2E084500494005 /* ActiveWorkoutViewModel.swift */; };
		05D857312C0D014900DD77AC /* MyWorkoutView.swift in Sources */ = {isa = PBXBuildFile; fileRef = 05D857302C0D014900DD77AC /* MyWorkoutView.swift */; };
		05D857332C0D089900DD77AC /* PreviewProviderSwiftData.swift in Sources */ = {isa = PBXBuildFile; fileRef = 05D857322C0D089900DD77AC /* PreviewProviderSwiftData.swift */; };
		05DF97D02C4D8A4800853A74 /* CellTextView.swift in Sources */ = {isa = PBXBuildFile; fileRef = 05DF97CF2C4D8A4800853A74 /* CellTextView.swift */; };
		05F87D2A2C0B7C8400AFB4CA /* ExerciseImageView.swift in Sources */ = {isa = PBXBuildFile; fileRef = 05F87D292C0B7C8400AFB4CA /* ExerciseImageView.swift */; };
/* End PBXBuildFile section */

/* Begin PBXCopyFilesBuildPhase section */
		05A996662C1757B200D65AD1 /* Embed Frameworks */ = {
			isa = PBXCopyFilesBuildPhase;
			buildActionMask = 2147483647;
			dstPath = "";
			dstSubfolderSpec = 10;
			files = (
			);
			name = "Embed Frameworks";
			runOnlyForDeploymentPostprocessing = 0;
		};
/* End PBXCopyFilesBuildPhase section */

/* Begin PBXFileReference section */
		051856092C1ED48300138B3E /* API.swift */ = {isa = PBXFileReference; lastKnownFileType = sourcecode.swift; path = API.swift; sourceTree = "<group>"; };
		0525D3A02C08F9F30007F632 /* CreateWorkoutView.swift */ = {isa = PBXFileReference; lastKnownFileType = sourcecode.swift; path = CreateWorkoutView.swift; sourceTree = "<group>"; };
		0525D3A42C0900CB0007F632 /* NetworkManager.swift */ = {isa = PBXFileReference; lastKnownFileType = sourcecode.swift; path = NetworkManager.swift; sourceTree = "<group>"; };
		0525D3AB2C0908E10007F632 /* Workout.swift */ = {isa = PBXFileReference; lastKnownFileType = sourcecode.swift; path = Workout.swift; sourceTree = "<group>"; };
		0525D3AD2C0909FC0007F632 /* CreateWorkoutViewViewModel.swift */ = {isa = PBXFileReference; lastKnownFileType = sourcecode.swift; path = CreateWorkoutViewViewModel.swift; sourceTree = "<group>"; };
		0525D3AF2C0912E10007F632 /* CreateWorkoutDetailsView.swift */ = {isa = PBXFileReference; lastKnownFileType = sourcecode.swift; path = CreateWorkoutDetailsView.swift; sourceTree = "<group>"; };
		0525D3B32C09D9400007F632 /* StorageManager.swift */ = {isa = PBXFileReference; lastKnownFileType = sourcecode.swift; path = StorageManager.swift; sourceTree = "<group>"; };
		0525D3B62C09DF800007F632 /* MyWorkoutsView.swift */ = {isa = PBXFileReference; lastKnownFileType = sourcecode.swift; path = MyWorkoutsView.swift; sourceTree = "<group>"; };
		0528E9962C2F051D00BE9B02 /* CircleButton.swift */ = {isa = PBXFileReference; lastKnownFileType = sourcecode.swift; path = CircleButton.swift; sourceTree = "<group>"; };
		0538125C2C18F2440040CD5D /* CreateWorkoutSaveView.swift */ = {isa = PBXFileReference; lastKnownFileType = sourcecode.swift; path = CreateWorkoutSaveView.swift; sourceTree = "<group>"; };
		05530F422C2618A30044A855 /* MyWorkoutDetailsView.swift */ = {isa = PBXFileReference; lastKnownFileType = sourcecode.swift; path = MyWorkoutDetailsView.swift; sourceTree = "<group>"; };
		0567571C2C2B79E9009062C5 /* ExerciseParametersTF.swift */ = {isa = PBXFileReference; lastKnownFileType = sourcecode.swift; path = ExerciseParametersTF.swift; sourceTree = "<group>"; };
		0575B3F92C36D271006253DD /* MyExerciseCellView.swift */ = {isa = PBXFileReference; lastKnownFileType = sourcecode.swift; path = MyExerciseCellView.swift; sourceTree = "<group>"; };
		057A4D852C1C895500B977A9 /* HeaderView.swift */ = {isa = PBXFileReference; lastKnownFileType = sourcecode.swift; path = HeaderView.swift; sourceTree = "<group>"; };
		057A4D872C1C9D1700B977A9 /* ButtonToolBar.swift */ = {isa = PBXFileReference; lastKnownFileType = sourcecode.swift; path = ButtonToolBar.swift; sourceTree = "<group>"; };
		0581615E2C3492D30012E105 /* Lap.swift */ = {isa = PBXFileReference; lastKnownFileType = sourcecode.swift; path = Lap.swift; sourceTree = "<group>"; };
		058882EF2C1E31A300451030 /* LabelGradientBackground.swift */ = {isa = PBXFileReference; lastKnownFileType = sourcecode.swift; path = LabelGradientBackground.swift; sourceTree = "<group>"; };
		058882F12C1E35CE00451030 /* ParameterTextFieldView.swift */ = {isa = PBXFileReference; lastKnownFileType = sourcecode.swift; path = ParameterTextFieldView.swift; sourceTree = "<group>"; };
		05AA11432C2DF20D00145826 /* MyWorkoutViewModel.swift */ = {isa = PBXFileReference; lastKnownFileType = sourcecode.swift; path = MyWorkoutViewModel.swift; sourceTree = "<group>"; };
		05AA11452C2DF5C700145826 /* MyWorkoutDetailsViewModel.swift */ = {isa = PBXFileReference; lastKnownFileType = sourcecode.swift; path = MyWorkoutDetailsViewModel.swift; sourceTree = "<group>"; };
		05AA11482C2DF93200145826 /* ActiveWorkoutView.swift */ = {isa = PBXFileReference; lastKnownFileType = sourcecode.swift; path = ActiveWorkoutView.swift; sourceTree = "<group>"; };
		05BC71792C0646F400524C58 /* LegoFit.app */ = {isa = PBXFileReference; explicitFileType = wrapper.application; includeInIndex = 0; path = LegoFit.app; sourceTree = BUILT_PRODUCTS_DIR; };
		05BC717C2C0646F400524C58 /* LegoFitApp.swift */ = {isa = PBXFileReference; lastKnownFileType = sourcecode.swift; path = LegoFitApp.swift; sourceTree = "<group>"; };
		05BC717E2C0646F400524C58 /* ContentView.swift */ = {isa = PBXFileReference; lastKnownFileType = sourcecode.swift; path = ContentView.swift; sourceTree = "<group>"; };
		05BC71802C0646F500524C58 /* Assets.xcassets */ = {isa = PBXFileReference; lastKnownFileType = folder.assetcatalog; path = Assets.xcassets; sourceTree = "<group>"; };
		05BC71832C0646F500524C58 /* Preview Assets.xcassets */ = {isa = PBXFileReference; lastKnownFileType = folder.assetcatalog; path = "Preview Assets.xcassets"; sourceTree = "<group>"; };
		05BC99AF2C4AED9700ED5B0D /* MainListStyle.swift */ = {isa = PBXFileReference; lastKnownFileType = sourcecode.swift; path = MainListStyle.swift; sourceTree = "<group>"; };
		05BC99B32C4AEE5C00ED5B0D /* extension + View.swift */ = {isa = PBXFileReference; lastKnownFileType = sourcecode.swift; path = "extension + View.swift"; sourceTree = "<group>"; };
		05BC99B52C4AEE8A00ED5B0D /* MainRowStyle.swift */ = {isa = PBXFileReference; lastKnownFileType = sourcecode.swift; path = MainRowStyle.swift; sourceTree = "<group>"; };
		05BC99B92C4AF09200ED5B0D /* MainGradientBackground.swift */ = {isa = PBXFileReference; lastKnownFileType = sourcecode.swift; path = MainGradientBackground.swift; sourceTree = "<group>"; };
		05BC99BF2C4AF44100ED5B0D /* HistoryWorkoutView.swift */ = {isa = PBXFileReference; lastKnownFileType = sourcecode.swift; path = HistoryWorkoutView.swift; sourceTree = "<group>"; };
		05C72FAD2C301BF9003ECC82 /* Exercise.swift */ = {isa = PBXFileReference; lastKnownFileType = sourcecode.swift; path = Exercise.swift; sourceTree = "<group>"; };
		05D3F8A82C2E084500494005 /* ActiveWorkoutViewModel.swift */ = {isa = PBXFileReference; lastKnownFileType = sourcecode.swift; path = ActiveWorkoutViewModel.swift; sourceTree = "<group>"; };
		05D857302C0D014900DD77AC /* MyWorkoutView.swift */ = {isa = PBXFileReference; lastKnownFileType = sourcecode.swift; path = MyWorkoutView.swift; sourceTree = "<group>"; };
		05D857322C0D089900DD77AC /* PreviewProviderSwiftData.swift */ = {isa = PBXFileReference; lastKnownFileType = sourcecode.swift; path = PreviewProviderSwiftData.swift; sourceTree = "<group>"; };
		05DF97CF2C4D8A4800853A74 /* CellTextView.swift */ = {isa = PBXFileReference; lastKnownFileType = sourcecode.swift; path = CellTextView.swift; sourceTree = "<group>"; };
		05F87D292C0B7C8400AFB4CA /* ExerciseImageView.swift */ = {isa = PBXFileReference; lastKnownFileType = sourcecode.swift; path = ExerciseImageView.swift; sourceTree = "<group>"; };
/* End PBXFileReference section */

/* Begin PBXFrameworksBuildPhase section */
		05BC71762C0646F400524C58 /* Frameworks */ = {
			isa = PBXFrameworksBuildPhase;
			buildActionMask = 2147483647;
			files = (
				05B349FB2C5021D200A8CC13 /* Kingfisher in Frameworks */,
			);
			runOnlyForDeploymentPostprocessing = 0;
		};
/* End PBXFrameworksBuildPhase section */

/* Begin PBXGroup section */
		0525D39F2C08F9840007F632 /* CreateWorkout */ = {
			isa = PBXGroup;
			children = (
				0525D3AD2C0909FC0007F632 /* CreateWorkoutViewViewModel.swift */,
				0525D3A02C08F9F30007F632 /* CreateWorkoutView.swift */,
				0538125C2C18F2440040CD5D /* CreateWorkoutSaveView.swift */,
				0525D3AF2C0912E10007F632 /* CreateWorkoutDetailsView.swift */,
			);
			path = CreateWorkout;
			sourceTree = "<group>";
		};
		0525D3B52C09DF4A0007F632 /* MyWorkouts */ = {
			isa = PBXGroup;
			children = (
				0525D3B62C09DF800007F632 /* MyWorkoutsView.swift */,
				05D857302C0D014900DD77AC /* MyWorkoutView.swift */,
				05AA11432C2DF20D00145826 /* MyWorkoutViewModel.swift */,
				05530F422C2618A30044A855 /* MyWorkoutDetailsView.swift */,
				05AA11452C2DF5C700145826 /* MyWorkoutDetailsViewModel.swift */,
			);
			path = MyWorkouts;
			sourceTree = "<group>";
		};
		0555C5C82C09F1110090C252 /* Views */ = {
			isa = PBXGroup;
			children = (
				05F87D292C0B7C8400AFB4CA /* ExerciseImageView.swift */,
				057A4D852C1C895500B977A9 /* HeaderView.swift */,
				058882F12C1E35CE00451030 /* ParameterTextFieldView.swift */,
				058882EF2C1E31A300451030 /* LabelGradientBackground.swift */,
				05BC99B92C4AF09200ED5B0D /* MainGradientBackground.swift */,
				057A4D872C1C9D1700B977A9 /* ButtonToolBar.swift */,
				0567571C2C2B79E9009062C5 /* ExerciseParametersTF.swift */,
				0575B3F92C36D271006253DD /* MyExerciseCellView.swift */,
				05DF97CF2C4D8A4800853A74 /* CellTextView.swift */,
				0528E9962C2F051D00BE9B02 /* CircleButton.swift */,
			);
			path = Views;
			sourceTree = "<group>";
		};
		05AA11472C2DF8FF00145826 /* ActiveWorkout */ = {
			isa = PBXGroup;
			children = (
				05AA11482C2DF93200145826 /* ActiveWorkoutView.swift */,
				05D3F8A82C2E084500494005 /* ActiveWorkoutViewModel.swift */,
			);
			path = ActiveWorkout;
			sourceTree = "<group>";
		};
		05BC71702C0646F400524C58 = {
			isa = PBXGroup;
			children = (
				05BC717B2C0646F400524C58 /* LegoFit */,
				05BC717A2C0646F400524C58 /* Products */,
			);
			sourceTree = "<group>";
		};
		05BC717A2C0646F400524C58 /* Products */ = {
			isa = PBXGroup;
			children = (
				05BC71792C0646F400524C58 /* LegoFit.app */,
			);
			name = Products;
			sourceTree = "<group>";
		};
		05BC717B2C0646F400524C58 /* LegoFit */ = {
			isa = PBXGroup;
			children = (
				051856092C1ED48300138B3E /* API.swift */,
				05BC717C2C0646F400524C58 /* LegoFitApp.swift */,
				05BC717E2C0646F400524C58 /* ContentView.swift */,
				0555C5C82C09F1110090C252 /* Views */,
				05BC99BE2C4AF40A00ED5B0D /* HistoryWorkout */,
				0525D3B52C09DF4A0007F632 /* MyWorkouts */,
				0525D39F2C08F9840007F632 /* CreateWorkout */,
				05AA11472C2DF8FF00145826 /* ActiveWorkout */,
				05C72FAB2C301B8A003ECC82 /* Models */,
				05BC99B22C4AEE3A00ED5B0D /* Extensions */,
				05BC99AE2C4AED5700ED5B0D /* Modifiers */,
				05BC718D2C08E9FA00524C58 /* Services */,
				05BC71802C0646F500524C58 /* Assets.xcassets */,
				05C72FAC2C301BB8003ECC82 /* PreviewSupports */,
				05BC71822C0646F500524C58 /* Preview Content */,
			);
			path = LegoFit;
			sourceTree = "<group>";
		};
		05BC71822C0646F500524C58 /* Preview Content */ = {
			isa = PBXGroup;
			children = (
				05BC71832C0646F500524C58 /* Preview Assets.xcassets */,
			);
			path = "Preview Content";
			sourceTree = "<group>";
		};
		05BC718D2C08E9FA00524C58 /* Services */ = {
			isa = PBXGroup;
			children = (
				0525D3A42C0900CB0007F632 /* NetworkManager.swift */,
				0525D3B32C09D9400007F632 /* StorageManager.swift */,
			);
			path = Services;
			sourceTree = "<group>";
		};
		05BC99AE2C4AED5700ED5B0D /* Modifiers */ = {
			isa = PBXGroup;
			children = (
				05BC99AF2C4AED9700ED5B0D /* MainListStyle.swift */,
				05BC99B52C4AEE8A00ED5B0D /* MainRowStyle.swift */,
			);
			path = Modifiers;
			sourceTree = "<group>";
		};
		05BC99B22C4AEE3A00ED5B0D /* Extensions */ = {
			isa = PBXGroup;
			children = (
				05BC99B32C4AEE5C00ED5B0D /* extension + View.swift */,
			);
			path = Extensions;
			sourceTree = "<group>";
		};
		05BC99BE2C4AF40A00ED5B0D /* HistoryWorkout */ = {
			isa = PBXGroup;
			children = (
				05BC99BF2C4AF44100ED5B0D /* HistoryWorkoutView.swift */,
			);
			path = HistoryWorkout;
			sourceTree = "<group>";
		};
		05C72FAB2C301B8A003ECC82 /* Models */ = {
			isa = PBXGroup;
			children = (
				0525D3AB2C0908E10007F632 /* Workout.swift */,
				0581615E2C3492D30012E105 /* Lap.swift */,
				05C72FAD2C301BF9003ECC82 /* Exercise.swift */,
			);
			path = Models;
			sourceTree = "<group>";
		};
		05C72FAC2C301BB8003ECC82 /* PreviewSupports */ = {
			isa = PBXGroup;
			children = (
				05D857322C0D089900DD77AC /* PreviewProviderSwiftData.swift */,
			);
			path = PreviewSupports;
			sourceTree = "<group>";
		};
/* End PBXGroup section */

/* Begin PBXNativeTarget section */
		05BC71782C0646F400524C58 /* LegoFit */ = {
			isa = PBXNativeTarget;
			buildConfigurationList = 05BC71872C0646F500524C58 /* Build configuration list for PBXNativeTarget "LegoFit" */;
			buildPhases = (
				05BC71752C0646F400524C58 /* Sources */,
				05BC71762C0646F400524C58 /* Frameworks */,
				05BC71772C0646F400524C58 /* Resources */,
				05A996662C1757B200D65AD1 /* Embed Frameworks */,
			);
			buildRules = (
			);
			dependencies = (
			);
			name = LegoFit;
			packageProductDependencies = (
				05B349FA2C5021D200A8CC13 /* Kingfisher */,
			);
			productName = LegoFit;
			productReference = 05BC71792C0646F400524C58 /* LegoFit.app */;
			productType = "com.apple.product-type.application";
		};
/* End PBXNativeTarget section */

/* Begin PBXProject section */
		05BC71712C0646F400524C58 /* Project object */ = {
			isa = PBXProject;
			attributes = {
				BuildIndependentTargetsInParallel = 1;
				LastSwiftUpdateCheck = 1530;
				LastUpgradeCheck = 1530;
				TargetAttributes = {
					05BC71782C0646F400524C58 = {
						CreatedOnToolsVersion = 15.3;
					};
				};
			};
			buildConfigurationList = 05BC71742C0646F400524C58 /* Build configuration list for PBXProject "LegoFit" */;
			compatibilityVersion = "Xcode 14.0";
			developmentRegion = en;
			hasScannedForEncodings = 0;
			knownRegions = (
				en,
				Base,
			);
			mainGroup = 05BC71702C0646F400524C58;
			packageReferences = (
				05B349F92C5021D200A8CC13 /* XCRemoteSwiftPackageReference "Kingfisher" */,
			);
			productRefGroup = 05BC717A2C0646F400524C58 /* Products */;
			projectDirPath = "";
			projectRoot = "";
			targets = (
				05BC71782C0646F400524C58 /* LegoFit */,
			);
		};
/* End PBXProject section */

/* Begin PBXResourcesBuildPhase section */
		05BC71772C0646F400524C58 /* Resources */ = {
			isa = PBXResourcesBuildPhase;
			buildActionMask = 2147483647;
			files = (
				05BC71842C0646F500524C58 /* Preview Assets.xcassets in Resources */,
				05BC71812C0646F500524C58 /* Assets.xcassets in Resources */,
			);
			runOnlyForDeploymentPostprocessing = 0;
		};
/* End PBXResourcesBuildPhase section */

/* Begin PBXSourcesBuildPhase section */
		05BC71752C0646F400524C58 /* Sources */ = {
			isa = PBXSourcesBuildPhase;
			buildActionMask = 2147483647;
			files = (
				0525D3AC2C0908E10007F632 /* Workout.swift in Sources */,
				0518560A2C1ED48300138B3E /* API.swift in Sources */,
				05BC99B62C4AEE8A00ED5B0D /* MainRowStyle.swift in Sources */,
				05D857312C0D014900DD77AC /* MyWorkoutView.swift in Sources */,
				0581615F2C3492D30012E105 /* Lap.swift in Sources */,
				05DF97D02C4D8A4800853A74 /* CellTextView.swift in Sources */,
				05BC99C02C4AF44100ED5B0D /* HistoryWorkoutView.swift in Sources */,
				05AA11462C2DF5C700145826 /* MyWorkoutDetailsViewModel.swift in Sources */,
				0525D3B02C0912E10007F632 /* CreateWorkoutDetailsView.swift in Sources */,
				0525D3A52C0900CB0007F632 /* NetworkManager.swift in Sources */,
				0528E9972C2F051D00BE9B02 /* CircleButton.swift in Sources */,
				05BC99B42C4AEE5C00ED5B0D /* extension + View.swift in Sources */,
				05BC99BA2C4AF09200ED5B0D /* MainGradientBackground.swift in Sources */,
				0567571D2C2B79E9009062C5 /* ExerciseParametersTF.swift in Sources */,
				05F87D2A2C0B7C8400AFB4CA /* ExerciseImageView.swift in Sources */,
				05AA11442C2DF20D00145826 /* MyWorkoutViewModel.swift in Sources */,
				0525D3AE2C0909FC0007F632 /* CreateWorkoutViewViewModel.swift in Sources */,
				058882F22C1E35CE00451030 /* ParameterTextFieldView.swift in Sources */,
				0525D3B72C09DF800007F632 /* MyWorkoutsView.swift in Sources */,
				0538125D2C18F2440040CD5D /* CreateWorkoutSaveView.swift in Sources */,
				05BC717F2C0646F400524C58 /* ContentView.swift in Sources */,
				0575B3FA2C36D271006253DD /* MyExerciseCellView.swift in Sources */,
				0525D3A12C08F9F30007F632 /* CreateWorkoutView.swift in Sources */,
				0525D3B42C09D9400007F632 /* StorageManager.swift in Sources */,
				05C72FAE2C301BF9003ECC82 /* Exercise.swift in Sources */,
				05BC717D2C0646F400524C58 /* LegoFitApp.swift in Sources */,
				058882F02C1E31A300451030 /* LabelGradientBackground.swift in Sources */,
				05D3F8A92C2E084500494005 /* ActiveWorkoutViewModel.swift in Sources */,
				057A4D882C1C9D1700B977A9 /* ButtonToolBar.swift in Sources */,
				05AA11492C2DF93200145826 /* ActiveWorkoutView.swift in Sources */,
				05530F432C2618A30044A855 /* MyWorkoutDetailsView.swift in Sources */,
				05BC99B02C4AED9700ED5B0D /* MainListStyle.swift in Sources */,
				05D857332C0D089900DD77AC /* PreviewProviderSwiftData.swift in Sources */,
				057A4D862C1C895500B977A9 /* HeaderView.swift in Sources */,
			);
			runOnlyForDeploymentPostprocessing = 0;
		};
/* End PBXSourcesBuildPhase section */

/* Begin XCBuildConfiguration section */
		05BC71852C0646F500524C58 /* Debug */ = {
			isa = XCBuildConfiguration;
			buildSettings = {
				ALWAYS_SEARCH_USER_PATHS = NO;
				ASSETCATALOG_COMPILER_GENERATE_SWIFT_ASSET_SYMBOL_EXTENSIONS = YES;
				CLANG_ANALYZER_NONNULL = YES;
				CLANG_ANALYZER_NUMBER_OBJECT_CONVERSION = YES_AGGRESSIVE;
				CLANG_CXX_LANGUAGE_STANDARD = "gnu++20";
				CLANG_ENABLE_MODULES = YES;
				CLANG_ENABLE_OBJC_ARC = YES;
				CLANG_ENABLE_OBJC_WEAK = YES;
				CLANG_WARN_BLOCK_CAPTURE_AUTORELEASING = YES;
				CLANG_WARN_BOOL_CONVERSION = YES;
				CLANG_WARN_COMMA = YES;
				CLANG_WARN_CONSTANT_CONVERSION = YES;
				CLANG_WARN_DEPRECATED_OBJC_IMPLEMENTATIONS = YES;
				CLANG_WARN_DIRECT_OBJC_ISA_USAGE = YES_ERROR;
				CLANG_WARN_DOCUMENTATION_COMMENTS = YES;
				CLANG_WARN_EMPTY_BODY = YES;
				CLANG_WARN_ENUM_CONVERSION = YES;
				CLANG_WARN_INFINITE_RECURSION = YES;
				CLANG_WARN_INT_CONVERSION = YES;
				CLANG_WARN_NON_LITERAL_NULL_CONVERSION = YES;
				CLANG_WARN_OBJC_IMPLICIT_RETAIN_SELF = YES;
				CLANG_WARN_OBJC_LITERAL_CONVERSION = YES;
				CLANG_WARN_OBJC_ROOT_CLASS = YES_ERROR;
				CLANG_WARN_QUOTED_INCLUDE_IN_FRAMEWORK_HEADER = YES;
				CLANG_WARN_RANGE_LOOP_ANALYSIS = YES;
				CLANG_WARN_STRICT_PROTOTYPES = YES;
				CLANG_WARN_SUSPICIOUS_MOVE = YES;
				CLANG_WARN_UNGUARDED_AVAILABILITY = YES_AGGRESSIVE;
				CLANG_WARN_UNREACHABLE_CODE = YES;
				CLANG_WARN__DUPLICATE_METHOD_MATCH = YES;
				COPY_PHASE_STRIP = NO;
				DEBUG_INFORMATION_FORMAT = dwarf;
				ENABLE_STRICT_OBJC_MSGSEND = YES;
				ENABLE_TESTABILITY = YES;
				ENABLE_USER_SCRIPT_SANDBOXING = YES;
				GCC_C_LANGUAGE_STANDARD = gnu17;
				GCC_DYNAMIC_NO_PIC = NO;
				GCC_NO_COMMON_BLOCKS = YES;
				GCC_OPTIMIZATION_LEVEL = 0;
				GCC_PREPROCESSOR_DEFINITIONS = (
					"DEBUG=1",
					"$(inherited)",
				);
				GCC_WARN_64_TO_32_BIT_CONVERSION = YES;
				GCC_WARN_ABOUT_RETURN_TYPE = YES_ERROR;
				GCC_WARN_UNDECLARED_SELECTOR = YES;
				GCC_WARN_UNINITIALIZED_AUTOS = YES_AGGRESSIVE;
				GCC_WARN_UNUSED_FUNCTION = YES;
				GCC_WARN_UNUSED_VARIABLE = YES;
				IPHONEOS_DEPLOYMENT_TARGET = 17.4;
				LOCALIZATION_PREFERS_STRING_CATALOGS = YES;
				MTL_ENABLE_DEBUG_INFO = INCLUDE_SOURCE;
				MTL_FAST_MATH = YES;
				ONLY_ACTIVE_ARCH = YES;
				SDKROOT = iphoneos;
				SWIFT_ACTIVE_COMPILATION_CONDITIONS = "DEBUG $(inherited)";
				SWIFT_OPTIMIZATION_LEVEL = "-Onone";
			};
			name = Debug;
		};
		05BC71862C0646F500524C58 /* Release */ = {
			isa = XCBuildConfiguration;
			buildSettings = {
				ALWAYS_SEARCH_USER_PATHS = NO;
				ASSETCATALOG_COMPILER_GENERATE_SWIFT_ASSET_SYMBOL_EXTENSIONS = YES;
				CLANG_ANALYZER_NONNULL = YES;
				CLANG_ANALYZER_NUMBER_OBJECT_CONVERSION = YES_AGGRESSIVE;
				CLANG_CXX_LANGUAGE_STANDARD = "gnu++20";
				CLANG_ENABLE_MODULES = YES;
				CLANG_ENABLE_OBJC_ARC = YES;
				CLANG_ENABLE_OBJC_WEAK = YES;
				CLANG_WARN_BLOCK_CAPTURE_AUTORELEASING = YES;
				CLANG_WARN_BOOL_CONVERSION = YES;
				CLANG_WARN_COMMA = YES;
				CLANG_WARN_CONSTANT_CONVERSION = YES;
				CLANG_WARN_DEPRECATED_OBJC_IMPLEMENTATIONS = YES;
				CLANG_WARN_DIRECT_OBJC_ISA_USAGE = YES_ERROR;
				CLANG_WARN_DOCUMENTATION_COMMENTS = YES;
				CLANG_WARN_EMPTY_BODY = YES;
				CLANG_WARN_ENUM_CONVERSION = YES;
				CLANG_WARN_INFINITE_RECURSION = YES;
				CLANG_WARN_INT_CONVERSION = YES;
				CLANG_WARN_NON_LITERAL_NULL_CONVERSION = YES;
				CLANG_WARN_OBJC_IMPLICIT_RETAIN_SELF = YES;
				CLANG_WARN_OBJC_LITERAL_CONVERSION = YES;
				CLANG_WARN_OBJC_ROOT_CLASS = YES_ERROR;
				CLANG_WARN_QUOTED_INCLUDE_IN_FRAMEWORK_HEADER = YES;
				CLANG_WARN_RANGE_LOOP_ANALYSIS = YES;
				CLANG_WARN_STRICT_PROTOTYPES = YES;
				CLANG_WARN_SUSPICIOUS_MOVE = YES;
				CLANG_WARN_UNGUARDED_AVAILABILITY = YES_AGGRESSIVE;
				CLANG_WARN_UNREACHABLE_CODE = YES;
				CLANG_WARN__DUPLICATE_METHOD_MATCH = YES;
				COPY_PHASE_STRIP = NO;
				DEBUG_INFORMATION_FORMAT = "dwarf-with-dsym";
				ENABLE_NS_ASSERTIONS = NO;
				ENABLE_STRICT_OBJC_MSGSEND = YES;
				ENABLE_USER_SCRIPT_SANDBOXING = YES;
				GCC_C_LANGUAGE_STANDARD = gnu17;
				GCC_NO_COMMON_BLOCKS = YES;
				GCC_WARN_64_TO_32_BIT_CONVERSION = YES;
				GCC_WARN_ABOUT_RETURN_TYPE = YES_ERROR;
				GCC_WARN_UNDECLARED_SELECTOR = YES;
				GCC_WARN_UNINITIALIZED_AUTOS = YES_AGGRESSIVE;
				GCC_WARN_UNUSED_FUNCTION = YES;
				GCC_WARN_UNUSED_VARIABLE = YES;
				IPHONEOS_DEPLOYMENT_TARGET = 17.4;
				LOCALIZATION_PREFERS_STRING_CATALOGS = YES;
				MTL_ENABLE_DEBUG_INFO = NO;
				MTL_FAST_MATH = YES;
				SDKROOT = iphoneos;
				SWIFT_COMPILATION_MODE = wholemodule;
				VALIDATE_PRODUCT = YES;
			};
			name = Release;
		};
		05BC71882C0646F500524C58 /* Debug */ = {
			isa = XCBuildConfiguration;
			buildSettings = {
				ASSETCATALOG_COMPILER_APPICON_NAME = AppIcon;
				ASSETCATALOG_COMPILER_GLOBAL_ACCENT_COLOR_NAME = AccentColor;
				CODE_SIGN_STYLE = Automatic;
				CURRENT_PROJECT_VERSION = 1;
				DEVELOPMENT_ASSET_PATHS = "\"LegoFit/Preview Content\"";
				DEVELOPMENT_TEAM = AM64M5A8BU;
				ENABLE_PREVIEWS = YES;
				GENERATE_INFOPLIST_FILE = YES;
				INFOPLIST_KEY_CFBundleDisplayName = LegoFit;
				INFOPLIST_KEY_UIApplicationSceneManifest_Generation = YES;
				INFOPLIST_KEY_UIApplicationSupportsIndirectInputEvents = YES;
				INFOPLIST_KEY_UILaunchScreen_Generation = YES;
				INFOPLIST_KEY_UISupportedInterfaceOrientations = UIInterfaceOrientationPortrait;
				INFOPLIST_KEY_UISupportedInterfaceOrientations_iPad = "UIInterfaceOrientationLandscapeLeft UIInterfaceOrientationLandscapeRight UIInterfaceOrientationPortrait UIInterfaceOrientationPortraitUpsideDown";
				LD_RUNPATH_SEARCH_PATHS = (
					"$(inherited)",
					"@executable_path/Frameworks",
				);
				MARKETING_VERSION = 1.0;
				PRODUCT_BUNDLE_IDENTIFIER = DenisDenisov.LegoFit;
				PRODUCT_NAME = "$(TARGET_NAME)";
				SUPPORTED_PLATFORMS = "iphoneos iphonesimulator";
				SUPPORTS_MACCATALYST = NO;
				SUPPORTS_MAC_DESIGNED_FOR_IPHONE_IPAD = NO;
				SUPPORTS_XR_DESIGNED_FOR_IPHONE_IPAD = NO;
				SWIFT_EMIT_LOC_STRINGS = YES;
				SWIFT_VERSION = 5.0;
				TARGETED_DEVICE_FAMILY = 1;
			};
			name = Debug;
		};
		05BC71892C0646F500524C58 /* Release */ = {
			isa = XCBuildConfiguration;
			buildSettings = {
				ASSETCATALOG_COMPILER_APPICON_NAME = AppIcon;
				ASSETCATALOG_COMPILER_GLOBAL_ACCENT_COLOR_NAME = AccentColor;
				CODE_SIGN_STYLE = Automatic;
				CURRENT_PROJECT_VERSION = 1;
				DEVELOPMENT_ASSET_PATHS = "\"LegoFit/Preview Content\"";
				DEVELOPMENT_TEAM = AM64M5A8BU;
				ENABLE_PREVIEWS = YES;
				GENERATE_INFOPLIST_FILE = YES;
				INFOPLIST_KEY_CFBundleDisplayName = LegoFit;
				INFOPLIST_KEY_UIApplicationSceneManifest_Generation = YES;
				INFOPLIST_KEY_UIApplicationSupportsIndirectInputEvents = YES;
				INFOPLIST_KEY_UILaunchScreen_Generation = YES;
				INFOPLIST_KEY_UISupportedInterfaceOrientations = UIInterfaceOrientationPortrait;
				INFOPLIST_KEY_UISupportedInterfaceOrientations_iPad = "UIInterfaceOrientationLandscapeLeft UIInterfaceOrientationLandscapeRight UIInterfaceOrientationPortrait UIInterfaceOrientationPortraitUpsideDown";
				LD_RUNPATH_SEARCH_PATHS = (
					"$(inherited)",
					"@executable_path/Frameworks",
				);
				MARKETING_VERSION = 1.0;
				PRODUCT_BUNDLE_IDENTIFIER = DenisDenisov.LegoFit;
				PRODUCT_NAME = "$(TARGET_NAME)";
				SUPPORTED_PLATFORMS = "iphoneos iphonesimulator";
				SUPPORTS_MACCATALYST = NO;
				SUPPORTS_MAC_DESIGNED_FOR_IPHONE_IPAD = NO;
				SUPPORTS_XR_DESIGNED_FOR_IPHONE_IPAD = NO;
				SWIFT_EMIT_LOC_STRINGS = YES;
				SWIFT_VERSION = 5.0;
				TARGETED_DEVICE_FAMILY = 1;
			};
			name = Release;
		};
/* End XCBuildConfiguration section */

/* Begin XCConfigurationList section */
		05BC71742C0646F400524C58 /* Build configuration list for PBXProject "LegoFit" */ = {
			isa = XCConfigurationList;
			buildConfigurations = (
				05BC71852C0646F500524C58 /* Debug */,
				05BC71862C0646F500524C58 /* Release */,
			);
			defaultConfigurationIsVisible = 0;
			defaultConfigurationName = Release;
		};
		05BC71872C0646F500524C58 /* Build configuration list for PBXNativeTarget "LegoFit" */ = {
			isa = XCConfigurationList;
			buildConfigurations = (
				05BC71882C0646F500524C58 /* Debug */,
				05BC71892C0646F500524C58 /* Release */,
			);
			defaultConfigurationIsVisible = 0;
			defaultConfigurationName = Release;
		};
/* End XCConfigurationList section */

/* Begin XCRemoteSwiftPackageReference section */
		05B349F92C5021D200A8CC13 /* XCRemoteSwiftPackageReference "Kingfisher" */ = {
			isa = XCRemoteSwiftPackageReference;
			repositoryURL = "https://github.com/onevcat/Kingfisher.git";
			requirement = {
				kind = upToNextMajorVersion;
				minimumVersion = 7.12.0;
			};
		};
/* End XCRemoteSwiftPackageReference section */

/* Begin XCSwiftPackageProductDependency section */
		05B349FA2C5021D200A8CC13 /* Kingfisher */ = {
			isa = XCSwiftPackageProductDependency;
			package = 05B349F92C5021D200A8CC13 /* XCRemoteSwiftPackageReference "Kingfisher" */;
			productName = Kingfisher;
		};
/* End XCSwiftPackageProductDependency section */
	};
	rootObject = 05BC71712C0646F400524C58 /* Project object */;
}
